
Microsoft Visual Studio Solution File, Format Version 12.00
# Visual Studio Version 17
VisualStudioVersion = 17.0.31903.59
MinimumVisualStudioVersion = 10.0.40219.1
Project("{FAE04EC0-301F-11D3-BF4B-00C04F79EFBC}") = "SmartPanel.Api", "SmartPanel.Api\SmartPanel.Api.csproj", "{7301ABCD-E24A-472A-90AD-49C2D8DC661D}"
EndProject
Project("{FAE04EC0-301F-11D3-BF4B-00C04F79EFBC}") = "SmartPanel.Web", "SmartPanel.Web\SmartPanel.Web.csproj", "{F6259D4C-D606-4A5B-856E-4B1FC9DE974C}"
EndProject
Project("{FAE04EC0-301F-11D3-BF4B-00C04F79EFBC}") = "SmartPanel.Shared", "SmartPanel.Shared\SmartPanel.Shared.csproj", "{43A5866F-6DC7-4309-89FA-4C6A70BA0BD0}"
EndProject
Global
	GlobalSection(SolutionConfigurationPlatforms) = preSolution
		Debug|Any CPU = Debug|Any CPU
		Release|Any CPU = Release|Any CPU
	EndGlobalSection
	GlobalSection(SolutionProperties) = preSolution
		HideSolutionNode = FALSE
	EndGlobalSection
	GlobalSection(ProjectConfigurationPlatforms) = postSolution
		{7301ABCD-E24A-472A-90AD-49C2D8DC661D}.Debug|Any CPU.ActiveCfg = Debug|Any CPU
		{7301ABCD-E24A-472A-90AD-49C2D8DC661D}.Debug|Any CPU.Build.0 = Debug|Any CPU
		{7301ABCD-E24A-472A-90AD-49C2D8DC661D}.Release|Any CPU.ActiveCfg = Release|Any CPU
		{7301ABCD-E24A-472A-90AD-49C2D8DC661D}.Release|Any CPU.Build.0 = Release|Any CPU
		{F6259D4C-D606-4A5B-856E-4B1FC9DE974C}.Debug|Any CPU.ActiveCfg = Debug|Any CPU
		{F6259D4C-D606-4A5B-856E-4B1FC9DE974C}.Debug|Any CPU.Build.0 = Debug|Any CPU
		{F6259D4C-D606-4A5B-856E-4B1FC9DE974C}.Release|Any CPU.ActiveCfg = Release|Any CPU
		{F6259D4C-D606-4A5B-856E-4B1FC9DE974C}.Release|Any CPU.Build.0 = Release|Any CPU
		{43A5866F-6DC7-4309-89FA-4C6A70BA0BD0}.Debug|Any CPU.ActiveCfg = Debug|Any CPU
		{43A5866F-6DC7-4309-89FA-4C6A70BA0BD0}.Debug|Any CPU.Build.0 = Debug|Any CPU
		{43A5866F-6DC7-4309-89FA-4C6A70BA0BD0}.Release|Any CPU.ActiveCfg = Release|Any CPU
		{43A5866F-6DC7-4309-89FA-4C6A70BA0BD0}.Release|Any CPU.Build.0 = Release|Any CPU
	EndGlobalSection
EndGlobal
